
Microsoft Visual Studio Solution File, Format Version 12.00
# Visual Studio Version 17
Project("{8BC9CEB8-8B4A-11D0-8D11-00A0C91BC942}") = "ALL_BUILD", "ALL_BUILD.vcxproj", "{4E5B4424-6DF2-389C-BB8A-77D6DD835DAE}"
	ProjectSection(ProjectDependencies) = postProject
		{1AB578E7-D076-37F6-A6F4-9B4931C05156} = {1AB578E7-D076-37F6-A6F4-9B4931C05156}
		{6AE1BB73-5C08-3EB1-885D-57CCBEEEBCB7} = {6AE1BB73-5C08-3EB1-885D-57CCBEEEBCB7}
	EndProjectSection
EndProject
Project("{8BC9CEB8-8B4A-11D0-8D11-00A0C91BC942}") = "ZERO_CHECK", "ZERO_CHECK.vcxproj", "{1AB578E7-D076-37F6-A6F4-9B4931C05156}"
	ProjectSection(ProjectDependencies) = postProject
	EndProjectSection
EndProject
Project("{8BC9CEB8-8B4A-11D0-8D11-00A0C91BC942}") = "googletest", "googletest.vcxproj", "{6AE1BB73-5C08-3EB1-885D-57CCBEEEBCB7}"
	ProjectSection(ProjectDependencies) = postProject
		{1AB578E7-D076-37F6-A6F4-9B4931C05156} = {1AB578E7-D076-37F6-A6F4-9B4931C05156}
	EndProjectSection
EndProject
Global
	GlobalSection(SolutionConfigurationPlatforms) = preSolution
		Debug|x64 = Debug|x64
		Release|x64 = Release|x64
		MinSizeRel|x64 = MinSizeRel|x64
		RelWithDebInfo|x64 = RelWithDebInfo|x64
	EndGlobalSection
	GlobalSection(ProjectConfigurationPlatforms) = postSolution
		{4E5B4424-6DF2-389C-BB8A-77D6DD835DAE}.Debug|x64.ActiveCfg = Debug|x64
		{4E5B4424-6DF2-389C-BB8A-77D6DD835DAE}.Release|x64.ActiveCfg = Release|x64
		{4E5B4424-6DF2-389C-BB8A-77D6DD835DAE}.MinSizeRel|x64.ActiveCfg = MinSizeRel|x64
		{4E5B4424-6DF2-389C-BB8A-77D6DD835DAE}.RelWithDebInfo|x64.ActiveCfg = RelWithDebInfo|x64
		{1AB578E7-D076-37F6-A6F4-9B4931C05156}.Debug|x64.ActiveCfg = Debug|x64
		{1AB578E7-D076-37F6-A6F4-9B4931C05156}.Debug|x64.Build.0 = Debug|x64
		{1AB578E7-D076-37F6-A6F4-9B4931C05156}.Release|x64.ActiveCfg = Release|x64
		{1AB578E7-D076-37F6-A6F4-9B4931C05156}.Release|x64.Build.0 = Release|x64
		{1AB578E7-D076-37F6-A6F4-9B4931C05156}.MinSizeRel|x64.ActiveCfg = MinSizeRel|x64
		{1AB578E7-D076-37F6-A6F4-9B4931C05156}.MinSizeRel|x64.Build.0 = MinSizeRel|x64
		{1AB578E7-D076-37F6-A6F4-9B4931C05156}.RelWithDebInfo|x64.ActiveCfg = RelWithDebInfo|x64
		{1AB578E7-D076-37F6-A6F4-9B4931C05156}.RelWithDebInfo|x64.Build.0 = RelWithDebInfo|x64
		{6AE1BB73-5C08-3EB1-885D-57CCBEEEBCB7}.Debug|x64.ActiveCfg = Debug|x64
		{6AE1BB73-5C08-3EB1-885D-57CCBEEEBCB7}.Debug|x64.Build.0 = Debug|x64
		{6AE1BB73-5C08-3EB1-885D-57CCBEEEBCB7}.Release|x64.ActiveCfg = Release|x64
		{6AE1BB73-5C08-3EB1-885D-57CCBEEEBCB7}.Release|x64.Build.0 = Release|x64
		{6AE1BB73-5C08-3EB1-885D-57CCBEEEBCB7}.MinSizeRel|x64.ActiveCfg = MinSizeRel|x64
		{6AE1BB73-5C08-3EB1-885D-57CCBEEEBCB7}.MinSizeRel|x64.Build.0 = MinSizeRel|x64
		{6AE1BB73-5C08-3EB1-885D-57CCBEEEBCB7}.RelWithDebInfo|x64.ActiveCfg = RelWithDebInfo|x64
		{6AE1BB73-5C08-3EB1-885D-57CCBEEEBCB7}.RelWithDebInfo|x64.Build.0 = RelWithDebInfo|x64
	EndGlobalSection
	GlobalSection(ExtensibilityGlobals) = postSolution
		SolutionGuid = {EA883605-D1C8-3124-A00B-E1FA532ECB31}
	EndGlobalSection
	GlobalSection(ExtensibilityAddIns) = postSolution
	EndGlobalSection
EndGlobal
