<?xml version="1.0" encoding="utf-8"?>
<Project ToolsVersion="17.0" xmlns="http://schemas.microsoft.com/developer/msbuild/2003">
  <ItemGroup>
    <CustomBuild Include="C:\Users\zhang\source\repos\amazon-timestream-odbc-driver\performance\CMakeFiles\8d1a0120af3e597fd4eb91aa0bb11e19\generate.stamp.rule">
      <Filter>CMake Rules</Filter>
    </CustomBuild>
  </ItemGroup>
  <ItemGroup>
    <Filter Include="CMake Rules">
      <UniqueIdentifier>{FD8C3723-3696-3061-937D-1DA76344267B}</UniqueIdentifier>
    </Filter>
  </ItemGroup>
</Project>
